// !$*UTF8*$!
{
	archiveVersion = 1;
	classes = {
	};
	objectVersion = 46;
	objects = {

/* Begin PBXBuildFile section */
		18A4C8BB1E8D0D510030BA12 /* ImageCache.swift in Sources */ = {isa = PBXBuildFile; fileRef = 18A4C8BA1E8D0D510030BA12 /* ImageCache.swift */; };
		18A4C8BD1E8D29120030BA12 /* FlickrService.swift in Sources */ = {isa = PBXBuildFile; fileRef = 18A4C8BC1E8D29120030BA12 /* FlickrService.swift */; };
		18A4C8C11E8D65B90030BA12 /* SearchViewController.swift in Sources */ = {isa = PBXBuildFile; fileRef = 18A4C8C01E8D65B90030BA12 /* SearchViewController.swift */; };
		18C091B71E8550DE0068194B /* AppDelegate.swift in Sources */ = {isa = PBXBuildFile; fileRef = 18C091B61E8550DE0068194B /* AppDelegate.swift */; };
		18C091B91E8550DE0068194B /* ViewController.swift in Sources */ = {isa = PBXBuildFile; fileRef = 18C091B81E8550DE0068194B /* ViewController.swift */; };
		18C091BC1E8550DE0068194B /* Main.storyboard in Resources */ = {isa = PBXBuildFile; fileRef = 18C091BA1E8550DE0068194B /* Main.storyboard */; };
		18C091BE1E8550DE0068194B /* Assets.xcassets in Resources */ = {isa = PBXBuildFile; fileRef = 18C091BD1E8550DE0068194B /* Assets.xcassets */; };
		18C091C11E8550DE0068194B /* LaunchScreen.storyboard in Resources */ = {isa = PBXBuildFile; fileRef = 18C091BF1E8550DE0068194B /* LaunchScreen.storyboard */; };
		18C091C91E855CBA0068194B /* ImageCollectionViewCell.swift in Sources */ = {isa = PBXBuildFile; fileRef = 18C091C81E855CBA0068194B /* ImageCollectionViewCell.swift */; };
		18C091CB1E855DD80068194B /* FlickrImageCollectionViewController.swift in Sources */ = {isa = PBXBuildFile; fileRef = 18C091CA1E855DD80068194B /* FlickrImageCollectionViewController.swift */; };
		18C091CD1E855EE60068194B /* ImageDetailViewController.swift in Sources */ = {isa = PBXBuildFile; fileRef = 18C091CC1E855EE60068194B /* ImageDetailViewController.swift */; };
		18C3CD7E1E8BB24100DAF38A /* Photo.swift in Sources */ = {isa = PBXBuildFile; fileRef = 18C3CD7D1E8BB24100DAF38A /* Photo.swift */; };
		18C771DA1E924A0A00624ED6 /* config.plist in Resources */ = {isa = PBXBuildFile; fileRef = 18C771D91E924A0A00624ED6 /* config.plist */; };
/* End PBXBuildFile section */

/* Begin PBXFileReference section */
		18A4C8BA1E8D0D510030BA12 /* ImageCache.swift */ = {isa = PBXFileReference; fileEncoding = 4; lastKnownFileType = sourcecode.swift; path = ImageCache.swift; sourceTree = "<group>"; };
		18A4C8BC1E8D29120030BA12 /* FlickrService.swift */ = {isa = PBXFileReference; fileEncoding = 4; lastKnownFileType = sourcecode.swift; path = FlickrService.swift; sourceTree = "<group>"; };
		18A4C8C01E8D65B90030BA12 /* SearchViewController.swift */ = {isa = PBXFileReference; fileEncoding = 4; lastKnownFileType = sourcecode.swift; path = SearchViewController.swift; sourceTree = "<group>"; };
		18C091B31E8550DE0068194B /* FlickrFeed.app */ = {isa = PBXFileReference; explicitFileType = wrapper.application; includeInIndex = 0; path = FlickrFeed.app; sourceTree = BUILT_PRODUCTS_DIR; };
		18C091B61E8550DE0068194B /* AppDelegate.swift */ = {isa = PBXFileReference; lastKnownFileType = sourcecode.swift; path = AppDelegate.swift; sourceTree = "<group>"; };
		18C091B81E8550DE0068194B /* ViewController.swift */ = {isa = PBXFileReference; lastKnownFileType = sourcecode.swift; path = ViewController.swift; sourceTree = "<group>"; };
		18C091BB1E8550DE0068194B /* Base */ = {isa = PBXFileReference; lastKnownFileType = file.storyboard; name = Base; path = Base.lproj/Main.storyboard; sourceTree = "<group>"; };
		18C091BD1E8550DE0068194B /* Assets.xcassets */ = {isa = PBXFileReference; lastKnownFileType = folder.assetcatalog; path = Assets.xcassets; sourceTree = "<group>"; };
		18C091C01E8550DE0068194B /* Base */ = {isa = PBXFileReference; lastKnownFileType = file.storyboard; name = Base; path = Base.lproj/LaunchScreen.storyboard; sourceTree = "<group>"; };
		18C091C21E8550DE0068194B /* Info.plist */ = {isa = PBXFileReference; lastKnownFileType = text.plist.xml; path = Info.plist; sourceTree = "<group>"; };
		18C091C81E855CBA0068194B /* ImageCollectionViewCell.swift */ = {isa = PBXFileReference; fileEncoding = 4; lastKnownFileType = sourcecode.swift; path = ImageCollectionViewCell.swift; sourceTree = "<group>"; };
		18C091CA1E855DD80068194B /* FlickrImageCollectionViewController.swift */ = {isa = PBXFileReference; fileEncoding = 4; lastKnownFileType = sourcecode.swift; path = FlickrImageCollectionViewController.swift; sourceTree = "<group>"; };
		18C091CC1E855EE60068194B /* ImageDetailViewController.swift */ = {isa = PBXFileReference; fileEncoding = 4; lastKnownFileType = sourcecode.swift; path = ImageDetailViewController.swift; sourceTree = "<group>"; };
		18C3CD7D1E8BB24100DAF38A /* Photo.swift */ = {isa = PBXFileReference; fileEncoding = 4; lastKnownFileType = sourcecode.swift; path = Photo.swift; sourceTree = "<group>"; };
		18C771D91E924A0A00624ED6 /* config.plist */ = {isa = PBXFileReference; fileEncoding = 4; lastKnownFileType = text.plist.xml; path = config.plist; sourceTree = "<group>"; };
/* End PBXFileReference section */

/* Begin PBXFrameworksBuildPhase section */
		18C091B01E8550DE0068194B /* Frameworks */ = {
			isa = PBXFrameworksBuildPhase;
			buildActionMask = 2147483647;
			files = (
			);
			runOnlyForDeploymentPostprocessing = 0;
		};
/* End PBXFrameworksBuildPhase section */

/* Begin PBXGroup section */
		18C091AA1E8550DE0068194B = {
			isa = PBXGroup;
			children = (
				18C091B51E8550DE0068194B /* FlickrFeed */,
				18C091B41E8550DE0068194B /* Products */,
			);
			sourceTree = "<group>";
		};
		18C091B41E8550DE0068194B /* Products */ = {
			isa = PBXGroup;
			children = (
				18C091B31E8550DE0068194B /* FlickrFeed.app */,
			);
			name = Products;
			sourceTree = "<group>";
		};
		18C091B51E8550DE0068194B /* FlickrFeed */ = {
			isa = PBXGroup;
			children = (
				18C091B61E8550DE0068194B /* AppDelegate.swift */,
				18C091B81E8550DE0068194B /* ViewController.swift */,
				18C091BA1E8550DE0068194B /* Main.storyboard */,
				18C091BD1E8550DE0068194B /* Assets.xcassets */,
				18C091BF1E8550DE0068194B /* LaunchScreen.storyboard */,
				18C091C21E8550DE0068194B /* Info.plist */,
				18C091C81E855CBA0068194B /* ImageCollectionViewCell.swift */,
				18C091CA1E855DD80068194B /* FlickrImageCollectionViewController.swift */,
				18C091CC1E855EE60068194B /* ImageDetailViewController.swift */,
				18C3CD7D1E8BB24100DAF38A /* Photo.swift */,
				18A4C8BA1E8D0D510030BA12 /* ImageCache.swift */,
				18A4C8BC1E8D29120030BA12 /* FlickrService.swift */,
				18A4C8C01E8D65B90030BA12 /* SearchViewController.swift */,
				18C771D91E924A0A00624ED6 /* config.plist */,
			);
			name = FlickrFeed;
			path = FlikrFeed;
			sourceTree = "<group>";
		};
/* End PBXGroup section */

/* Begin PBXNativeTarget section */
		18C091B21E8550DE0068194B /* FlickrFeed */ = {
			isa = PBXNativeTarget;
			buildConfigurationList = 18C091C51E8550DE0068194B /* Build configuration list for PBXNativeTarget "FlickrFeed" */;
			buildPhases = (
				18C091AF1E8550DE0068194B /* Sources */,
				18C091B01E8550DE0068194B /* Frameworks */,
				18C091B11E8550DE0068194B /* Resources */,
			);
			buildRules = (
			);
			dependencies = (
			);
			name = FlickrFeed;
			productName = FlikrFeed;
			productReference = 18C091B31E8550DE0068194B /* FlickrFeed.app */;
			productType = "com.apple.product-type.application";
		};
/* End PBXNativeTarget section */

/* Begin PBXProject section */
		18C091AB1E8550DE0068194B /* Project object */ = {
			isa = PBXProject;
			attributes = {
				LastSwiftUpdateCheck = 0820;
				LastUpgradeCheck = 0820;
				ORGANIZATIONNAME = me;
				TargetAttributes = {
					18C091B21E8550DE0068194B = {
						CreatedOnToolsVersion = 8.2.1;
						ProvisioningStyle = Automatic;
					};
				};
			};
			buildConfigurationList = 18C091AE1E8550DE0068194B /* Build configuration list for PBXProject "FlickrFeed" */;
			compatibilityVersion = "Xcode 3.2";
			developmentRegion = English;
			hasScannedForEncodings = 0;
			knownRegions = (
				en,
				Base,
			);
			mainGroup = 18C091AA1E8550DE0068194B;
			productRefGroup = 18C091B41E8550DE0068194B /* Products */;
			projectDirPath = "";
			projectRoot = "";
			targets = (
				18C091B21E8550DE0068194B /* FlickrFeed */,
			);
		};
/* End PBXProject section */

/* Begin PBXResourcesBuildPhase section */
		18C091B11E8550DE0068194B /* Resources */ = {
			isa = PBXResourcesBuildPhase;
			buildActionMask = 2147483647;
			files = (
				18C771DA1E924A0A00624ED6 /* config.plist in Resources */,
				18C091C11E8550DE0068194B /* LaunchScreen.storyboard in Resources */,
				18C091BE1E8550DE0068194B /* Assets.xcassets in Resources */,
				18C091BC1E8550DE0068194B /* Main.storyboard in Resources */,
			);
			runOnlyForDeploymentPostprocessing = 0;
		};
/* End PBXResourcesBuildPhase section */

/* Begin PBXSourcesBuildPhase section */
		18C091AF1E8550DE0068194B /* Sources */ = {
			isa = PBXSourcesBuildPhase;
			buildActionMask = 2147483647;
			files = (
				18C3CD7E1E8BB24100DAF38A /* Photo.swift in Sources */,
				18C091C91E855CBA0068194B /* ImageCollectionViewCell.swift in Sources */,
				18A4C8BD1E8D29120030BA12 /* FlickrService.swift in Sources */,
				18A4C8C11E8D65B90030BA12 /* SearchViewController.swift in Sources */,
				18C091CB1E855DD80068194B /* FlickrImageCollectionViewController.swift in Sources */,
				18C091B91E8550DE0068194B /* ViewController.swift in Sources */,
				18C091B71E8550DE0068194B /* AppDelegate.swift in Sources */,
				18A4C8BB1E8D0D510030BA12 /* ImageCache.swift in Sources */,
				18C091CD1E855EE60068194B /* ImageDetailViewController.swift in Sources */,
			);
			runOnlyForDeploymentPostprocessing = 0;
		};
/* End PBXSourcesBuildPhase section */

/* Begin PBXVariantGroup section */
		18C091BA1E8550DE0068194B /* Main.storyboard */ = {
			isa = PBXVariantGroup;
			children = (
				18C091BB1E8550DE0068194B /* Base */,
			);
			name = Main.storyboard;
			sourceTree = "<group>";
		};
		18C091BF1E8550DE0068194B /* LaunchScreen.storyboard */ = {
			isa = PBXVariantGroup;
			children = (
				18C091C01E8550DE0068194B /* Base */,
			);
			name = LaunchScreen.storyboard;
			sourceTree = "<group>";
		};
/* End PBXVariantGroup section */

/* Begin XCBuildConfiguration section */
		18C091C31E8550DE0068194B /* Debug */ = {
			isa = XCBuildConfiguration;
			buildSettings = {
				ALWAYS_SEARCH_USER_PATHS = NO;
				CLANG_ANALYZER_NONNULL = YES;
				CLANG_CXX_LANGUAGE_STANDARD = "gnu++0x";
				CLANG_CXX_LIBRARY = "libc++";
				CLANG_ENABLE_MODULES = YES;
				CLANG_ENABLE_OBJC_ARC = YES;
				CLANG_WARN_BOOL_CONVERSION = YES;
				CLANG_WARN_CONSTANT_CONVERSION = YES;
				CLANG_WARN_DIRECT_OBJC_ISA_USAGE = YES_ERROR;
				CLANG_WARN_DOCUMENTATION_COMMENTS = YES;
				CLANG_WARN_EMPTY_BODY = YES;
				CLANG_WARN_ENUM_CONVERSION = YES;
				CLANG_WARN_INFINITE_RECURSION = YES;
				CLANG_WARN_INT_CONVERSION = YES;
				CLANG_WARN_OBJC_ROOT_CLASS = YES_ERROR;
				CLANG_WARN_SUSPICIOUS_MOVE = YES;
				CLANG_WARN_UNREACHABLE_CODE = YES;
				CLANG_WARN__DUPLICATE_METHOD_MATCH = YES;
				"CODE_SIGN_IDENTITY[sdk=iphoneos*]" = "iPhone Developer";
				COPY_PHASE_STRIP = NO;
				DEBUG_INFORMATION_FORMAT = dwarf;
				ENABLE_STRICT_OBJC_MSGSEND = YES;
				ENABLE_TESTABILITY = YES;
				GCC_C_LANGUAGE_STANDARD = gnu99;
				GCC_DYNAMIC_NO_PIC = NO;
				GCC_NO_COMMON_BLOCKS = YES;
				GCC_OPTIMIZATION_LEVEL = 0;
				GCC_PREPROCESSOR_DEFINITIONS = (
					"DEBUG=1",
					"$(inherited)",
				);
				GCC_WARN_64_TO_32_BIT_CONVERSION = YES;
				GCC_WARN_ABOUT_RETURN_TYPE = YES_ERROR;
				GCC_WARN_UNDECLARED_SELECTOR = YES;
				GCC_WARN_UNINITIALIZED_AUTOS = YES_AGGRESSIVE;
				GCC_WARN_UNUSED_FUNCTION = YES;
				GCC_WARN_UNUSED_VARIABLE = YES;
				IPHONEOS_DEPLOYMENT_TARGET = 10.2;
				MTL_ENABLE_DEBUG_INFO = YES;
				ONLY_ACTIVE_ARCH = YES;
				SDKROOT = iphoneos;
				SWIFT_ACTIVE_COMPILATION_CONDITIONS = DEBUG;
				SWIFT_OPTIMIZATION_LEVEL = "-Onone";
				TARGETED_DEVICE_FAMILY = "1,2";
			};
			name = Debug;
		};
		18C091C41E8550DE0068194B /* Release */ = {
			isa = XCBuildConfiguration;
			buildSettings = {
				ALWAYS_SEARCH_USER_PATHS = NO;
				CLANG_ANALYZER_NONNULL = YES;
				CLANG_CXX_LANGUAGE_STANDARD = "gnu++0x";
				CLANG_CXX_LIBRARY = "libc++";
				CLANG_ENABLE_MODULES = YES;
				CLANG_ENABLE_OBJC_ARC = YES;
				CLANG_WARN_BOOL_CONVERSION = YES;
				CLANG_WARN_CONSTANT_CONVERSION = YES;
				CLANG_WARN_DIRECT_OBJC_ISA_USAGE = YES_ERROR;
				CLANG_WARN_DOCUMENTATION_COMMENTS = YES;
				CLANG_WARN_EMPTY_BODY = YES;
				CLANG_WARN_ENUM_CONVERSION = YES;
				CLANG_WARN_INFINITE_RECURSION = YES;
				CLANG_WARN_INT_CONVERSION = YES;
				CLANG_WARN_OBJC_ROOT_CLASS = YES_ERROR;
				CLANG_WARN_SUSPICIOUS_MOVE = YES;
				CLANG_WARN_UNREACHABLE_CODE = YES;
				CLANG_WARN__DUPLICATE_METHOD_MATCH = YES;
				"CODE_SIGN_IDENTITY[sdk=iphoneos*]" = "iPhone Developer";
				COPY_PHASE_STRIP = NO;
				DEBUG_INFORMATION_FORMAT = "dwarf-with-dsym";
				ENABLE_NS_ASSERTIONS = NO;
				ENABLE_STRICT_OBJC_MSGSEND = YES;
				GCC_C_LANGUAGE_STANDARD = gnu99;
				GCC_NO_COMMON_BLOCKS = YES;
				GCC_WARN_64_TO_32_BIT_CONVERSION = YES;
				GCC_WARN_ABOUT_RETURN_TYPE = YES_ERROR;
				GCC_WARN_UNDECLARED_SELECTOR = YES;
				GCC_WARN_UNINITIALIZED_AUTOS = YES_AGGRESSIVE;
				GCC_WARN_UNUSED_FUNCTION = YES;
				GCC_WARN_UNUSED_VARIABLE = YES;
				IPHONEOS_DEPLOYMENT_TARGET = 10.2;
				MTL_ENABLE_DEBUG_INFO = NO;
				SDKROOT = iphoneos;
				SWIFT_OPTIMIZATION_LEVEL = "-Owholemodule";
				TARGETED_DEVICE_FAMILY = "1,2";
				VALIDATE_PRODUCT = YES;
			};
			name = Release;
		};
		18C091C61E8550DE0068194B /* Debug */ = {
			isa = XCBuildConfiguration;
			buildSettings = {
				ASSETCATALOG_COMPILER_APPICON_NAME = AppIcon;
				FRAMEWORK_SEARCH_PATHS = "";
				"FRAMEWORK_SEARCH_PATHS[arch=*]" = "$(inherited)";
				INFOPLIST_FILE = FlikrFeed/Info.plist;
				LD_RUNPATH_SEARCH_PATHS = "$(inherited) @executable_path/Frameworks";
				PRODUCT_BUNDLE_IDENTIFIER = com.mycompany.FlikrFeed;
				PRODUCT_NAME = "$(TARGET_NAME)";
				SWIFT_VERSION = 3.0;
			};
			name = Debug;
		};
		18C091C71E8550DE0068194B /* Release */ = {
			isa = XCBuildConfiguration;
			buildSettings = {
				ASSETCATALOG_COMPILER_APPICON_NAME = AppIcon;
				FRAMEWORK_SEARCH_PATHS = "$(inherited)";
				INFOPLIST_FILE = FlikrFeed/Info.plist;
				LD_RUNPATH_SEARCH_PATHS = "$(inherited) @executable_path/Frameworks";
				PRODUCT_BUNDLE_IDENTIFIER = com.mycompany.FlikrFeed;
				PRODUCT_NAME = "$(TARGET_NAME)";
				SWIFT_VERSION = 3.0;
			};
			name = Release;
		};
/* End XCBuildConfiguration section */

/* Begin XCConfigurationList section */
		18C091AE1E8550DE0068194B /* Build configuration list for PBXProject "FlickrFeed" */ = {
			isa = XCConfigurationList;
			buildConfigurations = (
				18C091C31E8550DE0068194B /* Debug */,
				18C091C41E8550DE0068194B /* Release */,
			);
			defaultConfigurationIsVisible = 0;
			defaultConfigurationName = Release;
		};
		18C091C51E8550DE0068194B /* Build configuration list for PBXNativeTarget "FlickrFeed" */ = {
			isa = XCConfigurationList;
			buildConfigurations = (
				18C091C61E8550DE0068194B /* Debug */,
				18C091C71E8550DE0068194B /* Release */,
			);
			defaultConfigurationIsVisible = 0;
			defaultConfigurationName = Release;
		};
/* End XCConfigurationList section */
	};
	rootObject = 18C091AB1E8550DE0068194B /* Project object */;
}
